
Microsoft Visual Studio Solution File, Format Version 12.00
# Visual Studio 15
VisualStudioVersion = 15.0.28307.168
MinimumVisualStudioVersion = 10.0.40219.1
Project("{888888A0-9F3D-457C-B088-3A5042F75D52}") = "WeatherStationTinkerforgeDemo", "WeatherStationTinkerforgeDemo\WeatherStationTinkerforgeDemo.pyproj", "{81746AC1-552C-43F3-A739-FAC0A56ACB32}"
EndProject
Global
	GlobalSection(SolutionConfigurationPlatforms) = preSolution
		Debug|Any CPU = Debug|Any CPU
		Release|Any CPU = Release|Any CPU
	EndGlobalSection
	GlobalSection(ProjectConfigurationPlatforms) = postSolution
		{81746AC1-552C-43F3-A739-FAC0A56ACB32}.Debug|Any CPU.ActiveCfg = Debug|Any CPU
		{81746AC1-552C-43F3-A739-FAC0A56ACB32}.Release|Any CPU.ActiveCfg = Release|Any CPU
	EndGlobalSection
	GlobalSection(SolutionProperties) = preSolution
		HideSolutionNode = FALSE
	EndGlobalSection
	GlobalSection(ExtensibilityGlobals) = postSolution
		SolutionGuid = {DEC0AADE-02B4-45E0-BD85-790FD043F707}
	EndGlobalSection
EndGlobal
